
Microsoft Visual Studio Solution File, Format Version 12.00
# Visual Studio Version 16
VisualStudioVersion = 16.0.31911.196
MinimumVisualStudioVersion = 10.0.40219.1
Project("{FAE04EC0-301F-11D3-BF4B-00C04F79EFBC}") = "SecurityDoctor", "SecurityDoctor\SecurityDoctor.csproj", "{CC69D393-58D9-4FD0-8183-FD39E286F7A4}"
EndProject
Global
	GlobalSection(SolutionConfigurationPlatforms) = preSolution
		Debug|Any CPU = Debug|Any CPU
		Release|Any CPU = Release|Any CPU
	EndGlobalSection
	GlobalSection(ProjectConfigurationPlatforms) = postSolution
		{CC69D393-58D9-4FD0-8183-FD39E286F7A4}.Debug|Any CPU.ActiveCfg = Debug|Any CPU
		{CC69D393-58D9-4FD0-8183-FD39E286F7A4}.Debug|Any CPU.Build.0 = Debug|Any CPU
		{CC69D393-58D9-4FD0-8183-FD39E286F7A4}.Release|Any CPU.ActiveCfg = Release|Any CPU
		{CC69D393-58D9-4FD0-8183-FD39E286F7A4}.Release|Any CPU.Build.0 = Release|Any CPU
	EndGlobalSection
	GlobalSection(SolutionProperties) = preSolution
		HideSolutionNode = FALSE
	EndGlobalSection
	GlobalSection(ExtensibilityGlobals) = postSolution
		SolutionGuid = {9456B3DB-C095-4649-A3A2-BCF3DDC60D99}
	EndGlobalSection
EndGlobal
